// !$*UTF8*$!
{
	archiveVersion = 1;
	classes = {
	};
	objectVersion = 48;
	objects = {

/* Begin PBXBuildFile section */
		5D131CD1203D0EAC00D07C26 /* KOBaseViewController.swift in Sources */ = {isa = PBXBuildFile; fileRef = 5D131CD0203D0EAC00D07C26 /* KOBaseViewController.swift */; };
		5D131CD3203D0EFC00D07C26 /* KOHomeViewController.swift in Sources */ = {isa = PBXBuildFile; fileRef = 5D131CD2203D0EFC00D07C26 /* KOHomeViewController.swift */; };
		5D131CD5203D0F5B00D07C26 /* KOMessageViewController.swift in Sources */ = {isa = PBXBuildFile; fileRef = 5D131CD4203D0F5B00D07C26 /* KOMessageViewController.swift */; };
		5D131CD7203D0F7200D07C26 /* KODiscoverViewController.swift in Sources */ = {isa = PBXBuildFile; fileRef = 5D131CD6203D0F7200D07C26 /* KODiscoverViewController.swift */; };
		5D131CD9203D0F8000D07C26 /* KOProfileViewController.swift in Sources */ = {isa = PBXBuildFile; fileRef = 5D131CD8203D0F8000D07C26 /* KOProfileViewController.swift */; };
		5D131CDD203D198D00D07C26 /* Foundation+Extension.swift in Sources */ = {isa = PBXBuildFile; fileRef = 5D131CDC203D198D00D07C26 /* Foundation+Extension.swift */; };
		5D131CDF203D607300D07C26 /* KOBaseNavigationController.swift in Sources */ = {isa = PBXBuildFile; fileRef = 5D131CDE203D607300D07C26 /* KOBaseNavigationController.swift */; };
		5D26E0882042C6AD00D4F943 /* UIButton+KOAddition.m in Sources */ = {isa = PBXBuildFile; fileRef = 5D26E0872042C6AD00D4F943 /* UIButton+KOAddition.m */; };
		5D273CCF204C378E0066211A /* KOVisitorView.swift in Sources */ = {isa = PBXBuildFile; fileRef = 5D273CCE204C378E0066211A /* KOVisitorView.swift */; };
		5D4C3BF0203C4E240006988F /* AppDelegate.swift in Sources */ = {isa = PBXBuildFile; fileRef = 5D4C3BEF203C4E240006988F /* AppDelegate.swift */; };
		5D4C3BF2203C4E240006988F /* ViewController.swift in Sources */ = {isa = PBXBuildFile; fileRef = 5D4C3BF1203C4E240006988F /* ViewController.swift */; };
		5D4C3BF7203C4E240006988F /* Assets.xcassets in Resources */ = {isa = PBXBuildFile; fileRef = 5D4C3BF6203C4E240006988F /* Assets.xcassets */; };
		5D4C3C05203C4E240006988F /* KOWeiBoTests.swift in Sources */ = {isa = PBXBuildFile; fileRef = 5D4C3C04203C4E240006988F /* KOWeiBoTests.swift */; };
		5D4C3C10203C4E240006988F /* KOWeiBoUITests.swift in Sources */ = {isa = PBXBuildFile; fileRef = 5D4C3C0F203C4E240006988F /* KOWeiBoUITests.swift */; };
		5D5593FD204CCF6D006DC67A /* UIColor+KOAddition.m in Sources */ = {isa = PBXBuildFile; fileRef = 5D5593FC204CCF6D006DC67A /* UIColor+KOAddition.m */; };
		5DAFCB7E203C60D700161556 /* KOMainTabBarController.swift in Sources */ = {isa = PBXBuildFile; fileRef = 5DAFCB7D203C60D700161556 /* KOMainTabBarController.swift */; };
/* End PBXBuildFile section */

/* Begin PBXContainerItemProxy section */
		5D4C3C01203C4E240006988F /* PBXContainerItemProxy */ = {
			isa = PBXContainerItemProxy;
			containerPortal = 5D4C3BE4203C4E240006988F /* Project object */;
			proxyType = 1;
			remoteGlobalIDString = 5D4C3BEB203C4E240006988F;
			remoteInfo = KOWeiBo;
		};
		5D4C3C0C203C4E240006988F /* PBXContainerItemProxy */ = {
			isa = PBXContainerItemProxy;
			containerPortal = 5D4C3BE4203C4E240006988F /* Project object */;
			proxyType = 1;
			remoteGlobalIDString = 5D4C3BEB203C4E240006988F;
			remoteInfo = KOWeiBo;
		};
/* End PBXContainerItemProxy section */

/* Begin PBXFileReference section */
		5D131CD0203D0EAC00D07C26 /* KOBaseViewController.swift */ = {isa = PBXFileReference; lastKnownFileType = sourcecode.swift; path = KOBaseViewController.swift; sourceTree = "<group>"; };
		5D131CD2203D0EFC00D07C26 /* KOHomeViewController.swift */ = {isa = PBXFileReference; lastKnownFileType = sourcecode.swift; path = KOHomeViewController.swift; sourceTree = "<group>"; };
		5D131CD4203D0F5B00D07C26 /* KOMessageViewController.swift */ = {isa = PBXFileReference; lastKnownFileType = sourcecode.swift; path = KOMessageViewController.swift; sourceTree = "<group>"; };
		5D131CD6203D0F7200D07C26 /* KODiscoverViewController.swift */ = {isa = PBXFileReference; lastKnownFileType = sourcecode.swift; path = KODiscoverViewController.swift; sourceTree = "<group>"; };
		5D131CD8203D0F8000D07C26 /* KOProfileViewController.swift */ = {isa = PBXFileReference; lastKnownFileType = sourcecode.swift; path = KOProfileViewController.swift; sourceTree = "<group>"; };
		5D131CDC203D198D00D07C26 /* Foundation+Extension.swift */ = {isa = PBXFileReference; lastKnownFileType = sourcecode.swift; path = "Foundation+Extension.swift"; sourceTree = "<group>"; };
		5D131CDE203D607300D07C26 /* KOBaseNavigationController.swift */ = {isa = PBXFileReference; lastKnownFileType = sourcecode.swift; path = KOBaseNavigationController.swift; sourceTree = "<group>"; };
		5D26E0822042C46F00D4F943 /* KOWeiBo-Bridging-Header.h */ = {isa = PBXFileReference; lastKnownFileType = sourcecode.c.h; path = "KOWeiBo-Bridging-Header.h"; sourceTree = "<group>"; };
		5D26E0862042C6AD00D4F943 /* UIButton+KOAddition.h */ = {isa = PBXFileReference; lastKnownFileType = sourcecode.c.h; path = "UIButton+KOAddition.h"; sourceTree = "<group>"; };
		5D26E0872042C6AD00D4F943 /* UIButton+KOAddition.m */ = {isa = PBXFileReference; lastKnownFileType = sourcecode.c.objc; path = "UIButton+KOAddition.m"; sourceTree = "<group>"; };
		5D26E0892042E2DF00D4F943 /* KOAddition.h */ = {isa = PBXFileReference; lastKnownFileType = sourcecode.c.h; path = KOAddition.h; sourceTree = "<group>"; };
		5D273CCE204C378E0066211A /* KOVisitorView.swift */ = {isa = PBXFileReference; lastKnownFileType = sourcecode.swift; path = KOVisitorView.swift; sourceTree = "<group>"; };
		5D4C3BEC203C4E240006988F /* KOWeiBo.app */ = {isa = PBXFileReference; explicitFileType = wrapper.application; includeInIndex = 0; path = KOWeiBo.app; sourceTree = BUILT_PRODUCTS_DIR; };
		5D4C3BEF203C4E240006988F /* AppDelegate.swift */ = {isa = PBXFileReference; lastKnownFileType = sourcecode.swift; path = AppDelegate.swift; sourceTree = "<group>"; };
		5D4C3BF1203C4E240006988F /* ViewController.swift */ = {isa = PBXFileReference; lastKnownFileType = sourcecode.swift; path = ViewController.swift; sourceTree = "<group>"; };
		5D4C3BF6203C4E240006988F /* Assets.xcassets */ = {isa = PBXFileReference; lastKnownFileType = folder.assetcatalog; path = Assets.xcassets; sourceTree = "<group>"; };
		5D4C3BFB203C4E240006988F /* Info.plist */ = {isa = PBXFileReference; lastKnownFileType = text.plist.xml; path = Info.plist; sourceTree = "<group>"; };
		5D4C3C00203C4E240006988F /* KOWeiBoTests.xctest */ = {isa = PBXFileReference; explicitFileType = wrapper.cfbundle; includeInIndex = 0; path = KOWeiBoTests.xctest; sourceTree = BUILT_PRODUCTS_DIR; };
		5D4C3C04203C4E240006988F /* KOWeiBoTests.swift */ = {isa = PBXFileReference; lastKnownFileType = sourcecode.swift; path = KOWeiBoTests.swift; sourceTree = "<group>"; };
		5D4C3C06203C4E240006988F /* Info.plist */ = {isa = PBXFileReference; lastKnownFileType = text.plist.xml; path = Info.plist; sourceTree = "<group>"; };
		5D4C3C0B203C4E240006988F /* KOWeiBoUITests.xctest */ = {isa = PBXFileReference; explicitFileType = wrapper.cfbundle; includeInIndex = 0; path = KOWeiBoUITests.xctest; sourceTree = BUILT_PRODUCTS_DIR; };
		5D4C3C0F203C4E240006988F /* KOWeiBoUITests.swift */ = {isa = PBXFileReference; lastKnownFileType = sourcecode.swift; path = KOWeiBoUITests.swift; sourceTree = "<group>"; };
		5D4C3C11203C4E240006988F /* Info.plist */ = {isa = PBXFileReference; lastKnownFileType = text.plist.xml; path = Info.plist; sourceTree = "<group>"; };
		5D5593FB204CCF6D006DC67A /* UIColor+KOAddition.h */ = {isa = PBXFileReference; lastKnownFileType = sourcecode.c.h; path = "UIColor+KOAddition.h"; sourceTree = "<group>"; };
		5D5593FC204CCF6D006DC67A /* UIColor+KOAddition.m */ = {isa = PBXFileReference; lastKnownFileType = sourcecode.c.objc; path = "UIColor+KOAddition.m"; sourceTree = "<group>"; };
		5DAFCB7D203C60D700161556 /* KOMainTabBarController.swift */ = {isa = PBXFileReference; lastKnownFileType = sourcecode.swift; path = KOMainTabBarController.swift; sourceTree = "<group>"; };
/* End PBXFileReference section */

/* Begin PBXFrameworksBuildPhase section */
		5D4C3BE9203C4E240006988F /* Frameworks */ = {
			isa = PBXFrameworksBuildPhase;
			buildActionMask = 2147483647;
			files = (
			);
			runOnlyForDeploymentPostprocessing = 0;
		};
		5D4C3BFD203C4E240006988F /* Frameworks */ = {
			isa = PBXFrameworksBuildPhase;
			buildActionMask = 2147483647;
			files = (
			);
			runOnlyForDeploymentPostprocessing = 0;
		};
		5D4C3C08203C4E240006988F /* Frameworks */ = {
			isa = PBXFrameworksBuildPhase;
			buildActionMask = 2147483647;
			files = (
			);
			runOnlyForDeploymentPostprocessing = 0;
		};
/* End PBXFrameworksBuildPhase section */

/* Begin PBXGroup section */
		5D131CCD203D0ACC00D07C26 /* Message */ = {
			isa = PBXGroup;
			children = (
				5D131CD4203D0F5B00D07C26 /* KOMessageViewController.swift */,
			);
			path = Message;
			sourceTree = "<group>";
		};
		5D131CCE203D0AE700D07C26 /* Discover */ = {
			isa = PBXGroup;
			children = (
				5D131CD6203D0F7200D07C26 /* KODiscoverViewController.swift */,
			);
			path = Discover;
			sourceTree = "<group>";
		};
		5D131CCF203D0DD900D07C26 /* Profile */ = {
			isa = PBXGroup;
			children = (
				5D131CD8203D0F8000D07C26 /* KOProfileViewController.swift */,
			);
			path = Profile;
			sourceTree = "<group>";
		};
		5D131CDA203D136B00D07C26 /* Utilities */ = {
			isa = PBXGroup;
			children = (
				5D26E0852042C62700D4F943 /* Categories */,
				5D131CDB203D139500D07C26 /* Extensions */,
			);
			path = Utilities;
			sourceTree = "<group>";
		};
		5D131CDB203D139500D07C26 /* Extensions */ = {
			isa = PBXGroup;
			children = (
				5D131CDC203D198D00D07C26 /* Foundation+Extension.swift */,
			);
			path = Extensions;
			sourceTree = "<group>";
		};
		5D26E0852042C62700D4F943 /* Categories */ = {
			isa = PBXGroup;
			children = (
				5D26E0892042E2DF00D4F943 /* KOAddition.h */,
				5D26E0862042C6AD00D4F943 /* UIButton+KOAddition.h */,
				5D26E0872042C6AD00D4F943 /* UIButton+KOAddition.m */,
				5D5593FB204CCF6D006DC67A /* UIColor+KOAddition.h */,
				5D5593FC204CCF6D006DC67A /* UIColor+KOAddition.m */,
			);
			path = Categories;
			sourceTree = "<group>";
		};
		5D273CCC204C36FA0066211A /* Other */ = {
			isa = PBXGroup;
			children = (
				5D273CCD204C376E0066211A /* View */,
			);
			path = Other;
			sourceTree = "<group>";
		};
		5D273CCD204C376E0066211A /* View */ = {
			isa = PBXGroup;
			children = (
				5D273CCE204C378E0066211A /* KOVisitorView.swift */,
			);
			path = View;
			sourceTree = "<group>";
		};
		5D4C3BE3203C4E240006988F = {
			isa = PBXGroup;
			children = (
				5D4C3BEE203C4E240006988F /* KOWeiBo */,
				5D4C3C03203C4E240006988F /* KOWeiBoTests */,
				5D4C3C0E203C4E240006988F /* KOWeiBoUITests */,
				5D4C3BED203C4E240006988F /* Products */,
			);
			sourceTree = "<group>";
		};
		5D4C3BED203C4E240006988F /* Products */ = {
			isa = PBXGroup;
			children = (
				5D4C3BEC203C4E240006988F /* KOWeiBo.app */,
				5D4C3C00203C4E240006988F /* KOWeiBoTests.xctest */,
				5D4C3C0B203C4E240006988F /* KOWeiBoUITests.xctest */,
			);
			name = Products;
			sourceTree = "<group>";
		};
		5D4C3BEE203C4E240006988F /* KOWeiBo */ = {
			isa = PBXGroup;
			children = (
				5D131CDA203D136B00D07C26 /* Utilities */,
				5D4C3C1E203C5E4B0006988F /* MainClasses */,
				5D4C3BEF203C4E240006988F /* AppDelegate.swift */,
				5D26E0822042C46F00D4F943 /* KOWeiBo-Bridging-Header.h */,
				5D4C3BF1203C4E240006988F /* ViewController.swift */,
				5D4C3BF6203C4E240006988F /* Assets.xcassets */,
				5D4C3BFB203C4E240006988F /* Info.plist */,
			);
			path = KOWeiBo;
			sourceTree = "<group>";
		};
		5D4C3C03203C4E240006988F /* KOWeiBoTests */ = {
			isa = PBXGroup;
			children = (
				5D4C3C04203C4E240006988F /* KOWeiBoTests.swift */,
				5D4C3C06203C4E240006988F /* Info.plist */,
			);
			path = KOWeiBoTests;
			sourceTree = "<group>";
		};
		5D4C3C0E203C4E240006988F /* KOWeiBoUITests */ = {
			isa = PBXGroup;
			children = (
				5D4C3C0F203C4E240006988F /* KOWeiBoUITests.swift */,
				5D4C3C11203C4E240006988F /* Info.plist */,
			);
			path = KOWeiBoUITests;
			sourceTree = "<group>";
		};
		5D4C3C1E203C5E4B0006988F /* MainClasses */ = {
			isa = PBXGroup;
			children = (
				5DAFCB7D203C60D700161556 /* KOMainTabBarController.swift */,
				5DAFCB7C203C600300161556 /* Home */,
				5D131CCD203D0ACC00D07C26 /* Message */,
				5D131CCE203D0AE700D07C26 /* Discover */,
				5D131CCF203D0DD900D07C26 /* Profile */,
				5D4C3C1F203C5EC20006988F /* Base */,
				5D273CCC204C36FA0066211A /* Other */,
			);
			path = MainClasses;
			sourceTree = "<group>";
		};
		5D4C3C1F203C5EC20006988F /* Base */ = {
			isa = PBXGroup;
			children = (
				5D131CD0203D0EAC00D07C26 /* KOBaseViewController.swift */,
				5D131CDE203D607300D07C26 /* KOBaseNavigationController.swift */,
			);
			path = Base;
			sourceTree = "<group>";
		};
		5DAFCB7C203C600300161556 /* Home */ = {
			isa = PBXGroup;
			children = (
				5D131CD2203D0EFC00D07C26 /* KOHomeViewController.swift */,
			);
			path = Home;
			sourceTree = "<group>";
		};
/* End PBXGroup section */

/* Begin PBXNativeTarget section */
		5D4C3BEB203C4E240006988F /* KOWeiBo */ = {
			isa = PBXNativeTarget;
			buildConfigurationList = 5D4C3C14203C4E240006988F /* Build configuration list for PBXNativeTarget "KOWeiBo" */;
			buildPhases = (
				5D4C3BE8203C4E240006988F /* Sources */,
				5D4C3BE9203C4E240006988F /* Frameworks */,
				5D4C3BEA203C4E240006988F /* Resources */,
			);
			buildRules = (
			);
			dependencies = (
			);
			name = KOWeiBo;
			productName = KOWeiBo;
			productReference = 5D4C3BEC203C4E240006988F /* KOWeiBo.app */;
			productType = "com.apple.product-type.application";
		};
		5D4C3BFF203C4E240006988F /* KOWeiBoTests */ = {
			isa = PBXNativeTarget;
			buildConfigurationList = 5D4C3C17203C4E240006988F /* Build configuration list for PBXNativeTarget "KOWeiBoTests" */;
			buildPhases = (
				5D4C3BFC203C4E240006988F /* Sources */,
				5D4C3BFD203C4E240006988F /* Frameworks */,
				5D4C3BFE203C4E240006988F /* Resources */,
			);
			buildRules = (
			);
			dependencies = (
				5D4C3C02203C4E240006988F /* PBXTargetDependency */,
			);
			name = KOWeiBoTests;
			productName = KOWeiBoTests;
			productReference = 5D4C3C00203C4E240006988F /* KOWeiBoTests.xctest */;
			productType = "com.apple.product-type.bundle.unit-test";
		};
		5D4C3C0A203C4E240006988F /* KOWeiBoUITests */ = {
			isa = PBXNativeTarget;
			buildConfigurationList = 5D4C3C1A203C4E240006988F /* Build configuration list for PBXNativeTarget "KOWeiBoUITests" */;
			buildPhases = (
				5D4C3C07203C4E240006988F /* Sources */,
				5D4C3C08203C4E240006988F /* Frameworks */,
				5D4C3C09203C4E240006988F /* Resources */,
			);
			buildRules = (
			);
			dependencies = (
				5D4C3C0D203C4E240006988F /* PBXTargetDependency */,
			);
			name = KOWeiBoUITests;
			productName = KOWeiBoUITests;
			productReference = 5D4C3C0B203C4E240006988F /* KOWeiBoUITests.xctest */;
			productType = "com.apple.product-type.bundle.ui-testing";
		};
/* End PBXNativeTarget section */

/* Begin PBXProject section */
		5D4C3BE4203C4E240006988F /* Project object */ = {
			isa = PBXProject;
			attributes = {
				CLASSPREFIX = KO;
				LastSwiftUpdateCheck = 0920;
				LastUpgradeCheck = 0920;
				ORGANIZATIONNAME = Korune;
				TargetAttributes = {
					5D4C3BEB203C4E240006988F = {
						CreatedOnToolsVersion = 9.2;
						LastSwiftMigration = 0920;
						ProvisioningStyle = Automatic;
					};
					5D4C3BFF203C4E240006988F = {
						CreatedOnToolsVersion = 9.2;
						ProvisioningStyle = Automatic;
						TestTargetID = 5D4C3BEB203C4E240006988F;
					};
					5D4C3C0A203C4E240006988F = {
						CreatedOnToolsVersion = 9.2;
						ProvisioningStyle = Automatic;
						TestTargetID = 5D4C3BEB203C4E240006988F;
					};
				};
			};
			buildConfigurationList = 5D4C3BE7203C4E240006988F /* Build configuration list for PBXProject "KOWeiBo" */;
			compatibilityVersion = "Xcode 8.0";
			developmentRegion = en;
			hasScannedForEncodings = 0;
			knownRegions = (
				en,
				Base,
			);
			mainGroup = 5D4C3BE3203C4E240006988F;
			productRefGroup = 5D4C3BED203C4E240006988F /* Products */;
			projectDirPath = "";
			projectRoot = "";
			targets = (
				5D4C3BEB203C4E240006988F /* KOWeiBo */,
				5D4C3BFF203C4E240006988F /* KOWeiBoTests */,
				5D4C3C0A203C4E240006988F /* KOWeiBoUITests */,
			);
		};
/* End PBXProject section */

/* Begin PBXResourcesBuildPhase section */
		5D4C3BEA203C4E240006988F /* Resources */ = {
			isa = PBXResourcesBuildPhase;
			buildActionMask = 2147483647;
			files = (
				5D4C3BF7203C4E240006988F /* Assets.xcassets in Resources */,
			);
			runOnlyForDeploymentPostprocessing = 0;
		};
		5D4C3BFE203C4E240006988F /* Resources */ = {
			isa = PBXResourcesBuildPhase;
			buildActionMask = 2147483647;
			files = (
			);
			runOnlyForDeploymentPostprocessing = 0;
		};
		5D4C3C09203C4E240006988F /* Resources */ = {
			isa = PBXResourcesBuildPhase;
			buildActionMask = 2147483647;
			files = (
			);
			runOnlyForDeploymentPostprocessing = 0;
		};
/* End PBXResourcesBuildPhase section */

/* Begin PBXSourcesBuildPhase section */
		5D4C3BE8203C4E240006988F /* Sources */ = {
			isa = PBXSourcesBuildPhase;
			buildActionMask = 2147483647;
			files = (
				5D131CD7203D0F7200D07C26 /* KODiscoverViewController.swift in Sources */,
				5D5593FD204CCF6D006DC67A /* UIColor+KOAddition.m in Sources */,
				5D4C3BF2203C4E240006988F /* ViewController.swift in Sources */,
				5D131CDD203D198D00D07C26 /* Foundation+Extension.swift in Sources */,
				5D273CCF204C378E0066211A /* KOVisitorView.swift in Sources */,
				5D131CD9203D0F8000D07C26 /* KOProfileViewController.swift in Sources */,
				5D131CDF203D607300D07C26 /* KOBaseNavigationController.swift in Sources */,
				5D131CD1203D0EAC00D07C26 /* KOBaseViewController.swift in Sources */,
				5D131CD5203D0F5B00D07C26 /* KOMessageViewController.swift in Sources */,
				5DAFCB7E203C60D700161556 /* KOMainTabBarController.swift in Sources */,
				5D131CD3203D0EFC00D07C26 /* KOHomeViewController.swift in Sources */,
				5D26E0882042C6AD00D4F943 /* UIButton+KOAddition.m in Sources */,
				5D4C3BF0203C4E240006988F /* AppDelegate.swift in Sources */,
			);
			runOnlyForDeploymentPostprocessing = 0;
		};
		5D4C3BFC203C4E240006988F /* Sources */ = {
			isa = PBXSourcesBuildPhase;
			buildActionMask = 2147483647;
			files = (
				5D4C3C05203C4E240006988F /* KOWeiBoTests.swift in Sources */,
			);
			runOnlyForDeploymentPostprocessing = 0;
		};
		5D4C3C07203C4E240006988F /* Sources */ = {
			isa = PBXSourcesBuildPhase;
			buildActionMask = 2147483647;
			files = (
				5D4C3C10203C4E240006988F /* KOWeiBoUITests.swift in Sources */,
			);
			runOnlyForDeploymentPostprocessing = 0;
		};
/* End PBXSourcesBuildPhase section */

/* Begin PBXTargetDependency section */
		5D4C3C02203C4E240006988F /* PBXTargetDependency */ = {
			isa = PBXTargetDependency;
			target = 5D4C3BEB203C4E240006988F /* KOWeiBo */;
			targetProxy = 5D4C3C01203C4E240006988F /* PBXContainerItemProxy */;
		};
		5D4C3C0D203C4E240006988F /* PBXTargetDependency */ = {
			isa = PBXTargetDependency;
			target = 5D4C3BEB203C4E240006988F /* KOWeiBo */;
			targetProxy = 5D4C3C0C203C4E240006988F /* PBXContainerItemProxy */;
		};
/* End PBXTargetDependency section */

/* Begin XCBuildConfiguration section */
		5D4C3C12203C4E240006988F /* Debug */ = {
			isa = XCBuildConfiguration;
			buildSettings = {
				ALWAYS_SEARCH_USER_PATHS = NO;
				CLANG_ANALYZER_NONNULL = YES;
				CLANG_ANALYZER_NUMBER_OBJECT_CONVERSION = YES_AGGRESSIVE;
				CLANG_CXX_LANGUAGE_STANDARD = "gnu++14";
				CLANG_CXX_LIBRARY = "libc++";
				CLANG_ENABLE_MODULES = YES;
				CLANG_ENABLE_OBJC_ARC = YES;
				CLANG_WARN_BLOCK_CAPTURE_AUTORELEASING = YES;
				CLANG_WARN_BOOL_CONVERSION = YES;
				CLANG_WARN_COMMA = YES;
				CLANG_WARN_CONSTANT_CONVERSION = YES;
				CLANG_WARN_DIRECT_OBJC_ISA_USAGE = YES_ERROR;
				CLANG_WARN_DOCUMENTATION_COMMENTS = YES;
				CLANG_WARN_EMPTY_BODY = YES;
				CLANG_WARN_ENUM_CONVERSION = YES;
				CLANG_WARN_INFINITE_RECURSION = YES;
				CLANG_WARN_INT_CONVERSION = YES;
				CLANG_WARN_NON_LITERAL_NULL_CONVERSION = YES;
				CLANG_WARN_OBJC_LITERAL_CONVERSION = YES;
				CLANG_WARN_OBJC_ROOT_CLASS = YES_ERROR;
				CLANG_WARN_RANGE_LOOP_ANALYSIS = YES;
				CLANG_WARN_STRICT_PROTOTYPES = YES;
				CLANG_WARN_SUSPICIOUS_MOVE = YES;
				CLANG_WARN_UNGUARDED_AVAILABILITY = YES_AGGRESSIVE;
				CLANG_WARN_UNREACHABLE_CODE = YES;
				CLANG_WARN__DUPLICATE_METHOD_MATCH = YES;
				CODE_SIGN_IDENTITY = "iPhone Developer";
				COPY_PHASE_STRIP = NO;
				DEBUG_INFORMATION_FORMAT = dwarf;
				ENABLE_STRICT_OBJC_MSGSEND = YES;
				ENABLE_TESTABILITY = YES;
				GCC_C_LANGUAGE_STANDARD = gnu11;
				GCC_DYNAMIC_NO_PIC = NO;
				GCC_NO_COMMON_BLOCKS = YES;
				GCC_OPTIMIZATION_LEVEL = 0;
				GCC_PREPROCESSOR_DEFINITIONS = (
					"DEBUG=1",
					"$(inherited)",
				);
				GCC_WARN_64_TO_32_BIT_CONVERSION = YES;
				GCC_WARN_ABOUT_RETURN_TYPE = YES_ERROR;
				GCC_WARN_UNDECLARED_SELECTOR = YES;
				GCC_WARN_UNINITIALIZED_AUTOS = YES_AGGRESSIVE;
				GCC_WARN_UNUSED_FUNCTION = YES;
				GCC_WARN_UNUSED_VARIABLE = YES;
				IPHONEOS_DEPLOYMENT_TARGET = 9.0;
				MTL_ENABLE_DEBUG_INFO = YES;
				ONLY_ACTIVE_ARCH = YES;
				SDKROOT = iphoneos;
				SWIFT_ACTIVE_COMPILATION_CONDITIONS = DEBUG;
				SWIFT_OPTIMIZATION_LEVEL = "-Onone";
			};
			name = Debug;
		};
		5D4C3C13203C4E240006988F /* Release */ = {
			isa = XCBuildConfiguration;
			buildSettings = {
				ALWAYS_SEARCH_USER_PATHS = NO;
				CLANG_ANALYZER_NONNULL = YES;
				CLANG_ANALYZER_NUMBER_OBJECT_CONVERSION = YES_AGGRESSIVE;
				CLANG_CXX_LANGUAGE_STANDARD = "gnu++14";
				CLANG_CXX_LIBRARY = "libc++";
				CLANG_ENABLE_MODULES = YES;
				CLANG_ENABLE_OBJC_ARC = YES;
				CLANG_WARN_BLOCK_CAPTURE_AUTORELEASING = YES;
				CLANG_WARN_BOOL_CONVERSION = YES;
				CLANG_WARN_COMMA = YES;
				CLANG_WARN_CONSTANT_CONVERSION = YES;
				CLANG_WARN_DIRECT_OBJC_ISA_USAGE = YES_ERROR;
				CLANG_WARN_DOCUMENTATION_COMMENTS = YES;
				CLANG_WARN_EMPTY_BODY = YES;
				CLANG_WARN_ENUM_CONVERSION = YES;
				CLANG_WARN_INFINITE_RECURSION = YES;
				CLANG_WARN_INT_CONVERSION = YES;
				CLANG_WARN_NON_LITERAL_NULL_CONVERSION = YES;
				CLANG_WARN_OBJC_LITERAL_CONVERSION = YES;
				CLANG_WARN_OBJC_ROOT_CLASS = YES_ERROR;
				CLANG_WARN_RANGE_LOOP_ANALYSIS = YES;
				CLANG_WARN_STRICT_PROTOTYPES = YES;
				CLANG_WARN_SUSPICIOUS_MOVE = YES;
				CLANG_WARN_UNGUARDED_AVAILABILITY = YES_AGGRESSIVE;
				CLANG_WARN_UNREACHABLE_CODE = YES;
				CLANG_WARN__DUPLICATE_METHOD_MATCH = YES;
				CODE_SIGN_IDENTITY = "iPhone Developer";
				COPY_PHASE_STRIP = NO;
				DEBUG_INFORMATION_FORMAT = "dwarf-with-dsym";
				ENABLE_NS_ASSERTIONS = NO;
				ENABLE_STRICT_OBJC_MSGSEND = YES;
				GCC_C_LANGUAGE_STANDARD = gnu11;
				GCC_NO_COMMON_BLOCKS = YES;
				GCC_WARN_64_TO_32_BIT_CONVERSION = YES;
				GCC_WARN_ABOUT_RETURN_TYPE = YES_ERROR;
				GCC_WARN_UNDECLARED_SELECTOR = YES;
				GCC_WARN_UNINITIALIZED_AUTOS = YES_AGGRESSIVE;
				GCC_WARN_UNUSED_FUNCTION = YES;
				GCC_WARN_UNUSED_VARIABLE = YES;
				IPHONEOS_DEPLOYMENT_TARGET = 9.0;
				MTL_ENABLE_DEBUG_INFO = NO;
				SDKROOT = iphoneos;
				SWIFT_OPTIMIZATION_LEVEL = "-Owholemodule";
				VALIDATE_PRODUCT = YES;
			};
			name = Release;
		};
		5D4C3C15203C4E240006988F /* Debug */ = {
			isa = XCBuildConfiguration;
			buildSettings = {
				ASSETCATALOG_COMPILER_APPICON_NAME = AppIcon;
				ASSETCATALOG_COMPILER_LAUNCHIMAGE_NAME = LaunchImage;
				CLANG_ENABLE_MODULES = YES;
				CODE_SIGN_STYLE = Automatic;
				INFOPLIST_FILE = KOWeiBo/Info.plist;
				LD_RUNPATH_SEARCH_PATHS = "$(inherited) @executable_path/Frameworks";
				PRODUCT_BUNDLE_IDENTIFIER = com.Korune.KOWeiBo;
				PRODUCT_NAME = "$(TARGET_NAME)";
				SWIFT_OBJC_BRIDGING_HEADER = "KOWeiBo/KOWeiBo-Bridging-Header.h";
				SWIFT_OPTIMIZATION_LEVEL = "-Onone";
				SWIFT_VERSION = 4.0;
				TARGETED_DEVICE_FAMILY = 1;
			};
			name = Debug;
		};
		5D4C3C16203C4E240006988F /* Release */ = {
			isa = XCBuildConfiguration;
			buildSettings = {
				ASSETCATALOG_COMPILER_APPICON_NAME = AppIcon;
				ASSETCATALOG_COMPILER_LAUNCHIMAGE_NAME = LaunchImage;
				CLANG_ENABLE_MODULES = YES;
				CODE_SIGN_STYLE = Automatic;
				INFOPLIST_FILE = KOWeiBo/Info.plist;
				LD_RUNPATH_SEARCH_PATHS = "$(inherited) @executable_path/Frameworks";
				PRODUCT_BUNDLE_IDENTIFIER = com.Korune.KOWeiBo;
				PRODUCT_NAME = "$(TARGET_NAME)";
				SWIFT_OBJC_BRIDGING_HEADER = "KOWeiBo/KOWeiBo-Bridging-Header.h";
				SWIFT_VERSION = 4.0;
				TARGETED_DEVICE_FAMILY = 1;
			};
			name = Release;
		};
		5D4C3C18203C4E240006988F /* Debug */ = {
			isa = XCBuildConfiguration;
			buildSettings = {
				ALWAYS_EMBED_SWIFT_STANDARD_LIBRARIES = YES;
				BUNDLE_LOADER = "$(TEST_HOST)";
				CODE_SIGN_STYLE = Automatic;
				INFOPLIST_FILE = KOWeiBoTests/Info.plist;
				LD_RUNPATH_SEARCH_PATHS = "$(inherited) @executable_path/Frameworks @loader_path/Frameworks";
				PRODUCT_BUNDLE_IDENTIFIER = com.Korune.KOWeiBoTests;
				PRODUCT_NAME = "$(TARGET_NAME)";
				SWIFT_VERSION = 4.0;
				TARGETED_DEVICE_FAMILY = "1,2";
				TEST_HOST = "$(BUILT_PRODUCTS_DIR)/KOWeiBo.app/KOWeiBo";
			};
			name = Debug;
		};
		5D4C3C19203C4E240006988F /* Release */ = {
			isa = XCBuildConfiguration;
			buildSettings = {
				ALWAYS_EMBED_SWIFT_STANDARD_LIBRARIES = YES;
				BUNDLE_LOADER = "$(TEST_HOST)";
				CODE_SIGN_STYLE = Automatic;
				INFOPLIST_FILE = KOWeiBoTests/Info.plist;
				LD_RUNPATH_SEARCH_PATHS = "$(inherited) @executable_path/Frameworks @loader_path/Frameworks";
				PRODUCT_BUNDLE_IDENTIFIER = com.Korune.KOWeiBoTests;
				PRODUCT_NAME = "$(TARGET_NAME)";
				SWIFT_VERSION = 4.0;
				TARGETED_DEVICE_FAMILY = "1,2";
				TEST_HOST = "$(BUILT_PRODUCTS_DIR)/KOWeiBo.app/KOWeiBo";
			};
			name = Release;
		};
		5D4C3C1B203C4E240006988F /* Debug */ = {
			isa = XCBuildConfiguration;
			buildSettings = {
				ALWAYS_EMBED_SWIFT_STANDARD_LIBRARIES = YES;
				CODE_SIGN_STYLE = Automatic;
				INFOPLIST_FILE = KOWeiBoUITests/Info.plist;
				LD_RUNPATH_SEARCH_PATHS = "$(inherited) @executable_path/Frameworks @loader_path/Frameworks";
				PRODUCT_BUNDLE_IDENTIFIER = com.Korune.KOWeiBoUITests;
				PRODUCT_NAME = "$(TARGET_NAME)";
				SWIFT_VERSION = 4.0;
				TARGETED_DEVICE_FAMILY = "1,2";
				TEST_TARGET_NAME = KOWeiBo;
			};
			name = Debug;
		};
		5D4C3C1C203C4E240006988F /* Release */ = {
			isa = XCBuildConfiguration;
			buildSettings = {
				ALWAYS_EMBED_SWIFT_STANDARD_LIBRARIES = YES;
				CODE_SIGN_STYLE = Automatic;
				INFOPLIST_FILE = KOWeiBoUITests/Info.plist;
				LD_RUNPATH_SEARCH_PATHS = "$(inherited) @executable_path/Frameworks @loader_path/Frameworks";
				PRODUCT_BUNDLE_IDENTIFIER = com.Korune.KOWeiBoUITests;
				PRODUCT_NAME = "$(TARGET_NAME)";
				SWIFT_VERSION = 4.0;
				TARGETED_DEVICE_FAMILY = "1,2";
				TEST_TARGET_NAME = KOWeiBo;
			};
			name = Release;
		};
/* End XCBuildConfiguration section */

/* Begin XCConfigurationList section */
		5D4C3BE7203C4E240006988F /* Build configuration list for PBXProject "KOWeiBo" */ = {
			isa = XCConfigurationList;
			buildConfigurations = (
				5D4C3C12203C4E240006988F /* Debug */,
				5D4C3C13203C4E240006988F /* Release */,
			);
			defaultConfigurationIsVisible = 0;
			defaultConfigurationName = Release;
		};
		5D4C3C14203C4E240006988F /* Build configuration list for PBXNativeTarget "KOWeiBo" */ = {
			isa = XCConfigurationList;
			buildConfigurations = (
				5D4C3C15203C4E240006988F /* Debug */,
				5D4C3C16203C4E240006988F /* Release */,
			);
			defaultConfigurationIsVisible = 0;
			defaultConfigurationName = Release;
		};
		5D4C3C17203C4E240006988F /* Build configuration list for PBXNativeTarget "KOWeiBoTests" */ = {
			isa = XCConfigurationList;
			buildConfigurations = (
				5D4C3C18203C4E240006988F /* Debug */,
				5D4C3C19203C4E240006988F /* Release */,
			);
			defaultConfigurationIsVisible = 0;
			defaultConfigurationName = Release;
		};
		5D4C3C1A203C4E240006988F /* Build configuration list for PBXNativeTarget "KOWeiBoUITests" */ = {
			isa = XCConfigurationList;
			buildConfigurations = (
				5D4C3C1B203C4E240006988F /* Debug */,
				5D4C3C1C203C4E240006988F /* Release */,
			);
			defaultConfigurationIsVisible = 0;
			defaultConfigurationName = Release;
		};
/* End XCConfigurationList section */
	};
	rootObject = 5D4C3BE4203C4E240006988F /* Project object */;
}
